// !$*UTF8*$!
{
	archiveVersion = 1;
	classes = {
	};
	objectVersion = 46;
	objects = {

/* Begin PBXBuildFile section */
		2243D4601D3C125800F1A39C /* AppDelegate.swift in Sources */ = {isa = PBXBuildFile; fileRef = 2243D45F1D3C125800F1A39C /* AppDelegate.swift */; };
		2243D4621D3C125800F1A39C /* ViewController.swift in Sources */ = {isa = PBXBuildFile; fileRef = 2243D4611D3C125800F1A39C /* ViewController.swift */; };
		2243D4671D3C125800F1A39C /* Assets.xcassets in Resources */ = {isa = PBXBuildFile; fileRef = 2243D4661D3C125800F1A39C /* Assets.xcassets */; };
		2243D46A1D3C125800F1A39C /* LaunchScreen.storyboard in Resources */ = {isa = PBXBuildFile; fileRef = 2243D4681D3C125800F1A39C /* LaunchScreen.storyboard */; };
		2243D4751D3C125900F1A39C /* RecipeMeTests.swift in Sources */ = {isa = PBXBuildFile; fileRef = 2243D4741D3C125900F1A39C /* RecipeMeTests.swift */; };
		2243D4801D3C125900F1A39C /* RecipeMeUITests.swift in Sources */ = {isa = PBXBuildFile; fileRef = 2243D47F1D3C125900F1A39C /* RecipeMeUITests.swift */; };
		2243D4941D3C179500F1A39C /* Registration.storyboard in Resources */ = {isa = PBXBuildFile; fileRef = 2243D4931D3C179500F1A39C /* Registration.storyboard */; };
		2243D4971D3C17EE00F1A39C /* RegistrationViewController.swift in Sources */ = {isa = PBXBuildFile; fileRef = 2243D4961D3C17EE00F1A39C /* RegistrationViewController.swift */; };
/* End PBXBuildFile section */

/* Begin PBXContainerItemProxy section */
		2243D4711D3C125900F1A39C /* PBXContainerItemProxy */ = {
			isa = PBXContainerItemProxy;
			containerPortal = 2243D4541D3C125800F1A39C /* Project object */;
			proxyType = 1;
			remoteGlobalIDString = 2243D45B1D3C125800F1A39C;
			remoteInfo = RecipeMe;
		};
		2243D47C1D3C125900F1A39C /* PBXContainerItemProxy */ = {
			isa = PBXContainerItemProxy;
			containerPortal = 2243D4541D3C125800F1A39C /* Project object */;
			proxyType = 1;
			remoteGlobalIDString = 2243D45B1D3C125800F1A39C;
			remoteInfo = RecipeMe;
		};
/* End PBXContainerItemProxy section */

/* Begin PBXFileReference section */
		2243D45C1D3C125800F1A39C /* RecipeMe.app */ = {isa = PBXFileReference; explicitFileType = wrapper.application; includeInIndex = 0; path = RecipeMe.app; sourceTree = BUILT_PRODUCTS_DIR; };
		2243D45F1D3C125800F1A39C /* AppDelegate.swift */ = {isa = PBXFileReference; lastKnownFileType = sourcecode.swift; path = AppDelegate.swift; sourceTree = "<group>"; };
		2243D4611D3C125800F1A39C /* ViewController.swift */ = {isa = PBXFileReference; lastKnownFileType = sourcecode.swift; path = ViewController.swift; sourceTree = "<group>"; };
		2243D4661D3C125800F1A39C /* Assets.xcassets */ = {isa = PBXFileReference; lastKnownFileType = folder.assetcatalog; path = Assets.xcassets; sourceTree = "<group>"; };
		2243D4691D3C125800F1A39C /* Base */ = {isa = PBXFileReference; lastKnownFileType = file.storyboard; name = Base; path = Base.lproj/LaunchScreen.storyboard; sourceTree = "<group>"; };
		2243D46B1D3C125800F1A39C /* Info.plist */ = {isa = PBXFileReference; lastKnownFileType = text.plist.xml; path = Info.plist; sourceTree = "<group>"; };
		2243D4701D3C125900F1A39C /* RecipeMeTests.xctest */ = {isa = PBXFileReference; explicitFileType = wrapper.cfbundle; includeInIndex = 0; path = RecipeMeTests.xctest; sourceTree = BUILT_PRODUCTS_DIR; };
		2243D4741D3C125900F1A39C /* RecipeMeTests.swift */ = {isa = PBXFileReference; lastKnownFileType = sourcecode.swift; path = RecipeMeTests.swift; sourceTree = "<group>"; };
		2243D4761D3C125900F1A39C /* Info.plist */ = {isa = PBXFileReference; lastKnownFileType = text.plist.xml; path = Info.plist; sourceTree = "<group>"; };
		2243D47B1D3C125900F1A39C /* RecipeMeUITests.xctest */ = {isa = PBXFileReference; explicitFileType = wrapper.cfbundle; includeInIndex = 0; path = RecipeMeUITests.xctest; sourceTree = BUILT_PRODUCTS_DIR; };
		2243D47F1D3C125900F1A39C /* RecipeMeUITests.swift */ = {isa = PBXFileReference; lastKnownFileType = sourcecode.swift; path = RecipeMeUITests.swift; sourceTree = "<group>"; };
		2243D4811D3C125900F1A39C /* Info.plist */ = {isa = PBXFileReference; lastKnownFileType = text.plist.xml; path = Info.plist; sourceTree = "<group>"; };
		2243D4931D3C179500F1A39C /* Registration.storyboard */ = {isa = PBXFileReference; fileEncoding = 4; lastKnownFileType = file.storyboard; path = Registration.storyboard; sourceTree = "<group>"; };
		2243D4961D3C17EE00F1A39C /* RegistrationViewController.swift */ = {isa = PBXFileReference; fileEncoding = 4; lastKnownFileType = sourcecode.swift; path = RegistrationViewController.swift; sourceTree = "<group>"; };
/* End PBXFileReference section */

/* Begin PBXFrameworksBuildPhase section */
		2243D4591D3C125800F1A39C /* Frameworks */ = {
			isa = PBXFrameworksBuildPhase;
			buildActionMask = 2147483647;
			files = (
			);
			runOnlyForDeploymentPostprocessing = 0;
		};
		2243D46D1D3C125900F1A39C /* Frameworks */ = {
			isa = PBXFrameworksBuildPhase;
			buildActionMask = 2147483647;
			files = (
			);
			runOnlyForDeploymentPostprocessing = 0;
		};
		2243D4781D3C125900F1A39C /* Frameworks */ = {
			isa = PBXFrameworksBuildPhase;
			buildActionMask = 2147483647;
			files = (
			);
			runOnlyForDeploymentPostprocessing = 0;
		};
/* End PBXFrameworksBuildPhase section */

/* Begin PBXGroup section */
		2243D4531D3C125800F1A39C = {
			isa = PBXGroup;
			children = (
				2243D45E1D3C125800F1A39C /* RecipeMe */,
				2243D4731D3C125900F1A39C /* RecipeMeTests */,
				2243D47E1D3C125900F1A39C /* RecipeMeUITests */,
				2243D45D1D3C125800F1A39C /* Products */,
			);
			sourceTree = "<group>";
		};
		2243D45D1D3C125800F1A39C /* Products */ = {
			isa = PBXGroup;
			children = (
				2243D45C1D3C125800F1A39C /* RecipeMe.app */,
				2243D4701D3C125900F1A39C /* RecipeMeTests.xctest */,
				2243D47B1D3C125900F1A39C /* RecipeMeUITests.xctest */,
			);
			name = Products;
			sourceTree = "<group>";
		};
		2243D45E1D3C125800F1A39C /* RecipeMe */ = {
			isa = PBXGroup;
			children = (
				2243D4991D3C199200F1A39C /* Controller */,
				2243D4981D3C198A00F1A39C /* View */,
				2243D4911D3C15D000F1A39C /* Resources */,
				2243D48D1D3C15A500F1A39C /* Model */,
				2243D45F1D3C125800F1A39C /* AppDelegate.swift */,
				2243D4611D3C125800F1A39C /* ViewController.swift */,
				2243D4661D3C125800F1A39C /* Assets.xcassets */,
				2243D4681D3C125800F1A39C /* LaunchScreen.storyboard */,
				2243D46B1D3C125800F1A39C /* Info.plist */,
			);
			path = RecipeMe;
			sourceTree = "<group>";
		};
		2243D4731D3C125900F1A39C /* RecipeMeTests */ = {
			isa = PBXGroup;
			children = (
				2243D4741D3C125900F1A39C /* RecipeMeTests.swift */,
				2243D4761D3C125900F1A39C /* Info.plist */,
			);
			path = RecipeMeTests;
			sourceTree = "<group>";
		};
		2243D47E1D3C125900F1A39C /* RecipeMeUITests */ = {
			isa = PBXGroup;
			children = (
				2243D47F1D3C125900F1A39C /* RecipeMeUITests.swift */,
				2243D4811D3C125900F1A39C /* Info.plist */,
			);
			path = RecipeMeUITests;
			sourceTree = "<group>";
		};
		2243D48D1D3C15A500F1A39C /* Model */ = {
			isa = PBXGroup;
			children = (
			);
			name = Model;
			sourceTree = "<group>";
		};
		2243D4911D3C15D000F1A39C /* Resources */ = {
			isa = PBXGroup;
			children = (
			);
			name = Resources;
			sourceTree = "<group>";
		};
		2243D4981D3C198A00F1A39C /* View */ = {
			isa = PBXGroup;
			children = (
				2243D4931D3C179500F1A39C /* Registration.storyboard */,
			);
			name = View;
			sourceTree = "<group>";
		};
		2243D4991D3C199200F1A39C /* Controller */ = {
			isa = PBXGroup;
			children = (
				2243D4961D3C17EE00F1A39C /* RegistrationViewController.swift */,
			);
			name = Controller;
			sourceTree = "<group>";
		};
/* End PBXGroup section */

/* Begin PBXNativeTarget section */
		2243D45B1D3C125800F1A39C /* RecipeMe */ = {
			isa = PBXNativeTarget;
			buildConfigurationList = 2243D4841D3C125900F1A39C /* Build configuration list for PBXNativeTarget "RecipeMe" */;
			buildPhases = (
				2243D4581D3C125800F1A39C /* Sources */,
				2243D4591D3C125800F1A39C /* Frameworks */,
				2243D45A1D3C125800F1A39C /* Resources */,
			);
			buildRules = (
			);
			dependencies = (
			);
			name = RecipeMe;
			productName = RecipeMe;
			productReference = 2243D45C1D3C125800F1A39C /* RecipeMe.app */;
			productType = "com.apple.product-type.application";
		};
		2243D46F1D3C125900F1A39C /* RecipeMeTests */ = {
			isa = PBXNativeTarget;
			buildConfigurationList = 2243D4871D3C125900F1A39C /* Build configuration list for PBXNativeTarget "RecipeMeTests" */;
			buildPhases = (
				2243D46C1D3C125900F1A39C /* Sources */,
				2243D46D1D3C125900F1A39C /* Frameworks */,
				2243D46E1D3C125900F1A39C /* Resources */,
			);
			buildRules = (
			);
			dependencies = (
				2243D4721D3C125900F1A39C /* PBXTargetDependency */,
			);
			name = RecipeMeTests;
			productName = RecipeMeTests;
			productReference = 2243D4701D3C125900F1A39C /* RecipeMeTests.xctest */;
			productType = "com.apple.product-type.bundle.unit-test";
		};
		2243D47A1D3C125900F1A39C /* RecipeMeUITests */ = {
			isa = PBXNativeTarget;
			buildConfigurationList = 2243D48A1D3C125900F1A39C /* Build configuration list for PBXNativeTarget "RecipeMeUITests" */;
			buildPhases = (
				2243D4771D3C125900F1A39C /* Sources */,
				2243D4781D3C125900F1A39C /* Frameworks */,
				2243D4791D3C125900F1A39C /* Resources */,
			);
			buildRules = (
			);
			dependencies = (
				2243D47D1D3C125900F1A39C /* PBXTargetDependency */,
			);
			name = RecipeMeUITests;
			productName = RecipeMeUITests;
			productReference = 2243D47B1D3C125900F1A39C /* RecipeMeUITests.xctest */;
			productType = "com.apple.product-type.bundle.ui-testing";
		};
/* End PBXNativeTarget section */

/* Begin PBXProject section */
		2243D4541D3C125800F1A39C /* Project object */ = {
			isa = PBXProject;
			attributes = {
				LastSwiftUpdateCheck = 0730;
				LastUpgradeCheck = 0730;
				ORGANIZATIONNAME = "Kashif Mustahsan";
				TargetAttributes = {
					2243D45B1D3C125800F1A39C = {
						CreatedOnToolsVersion = 7.3.1;
					};
					2243D46F1D3C125900F1A39C = {
						CreatedOnToolsVersion = 7.3.1;
						TestTargetID = 2243D45B1D3C125800F1A39C;
					};
					2243D47A1D3C125900F1A39C = {
						CreatedOnToolsVersion = 7.3.1;
						TestTargetID = 2243D45B1D3C125800F1A39C;
					};
				};
			};
			buildConfigurationList = 2243D4571D3C125800F1A39C /* Build configuration list for PBXProject "RecipeMe" */;
			compatibilityVersion = "Xcode 3.2";
			developmentRegion = English;
			hasScannedForEncodings = 0;
			knownRegions = (
				en,
				Base,
			);
			mainGroup = 2243D4531D3C125800F1A39C;
			productRefGroup = 2243D45D1D3C125800F1A39C /* Products */;
			projectDirPath = "";
			projectRoot = "";
			targets = (
				2243D45B1D3C125800F1A39C /* RecipeMe */,
				2243D46F1D3C125900F1A39C /* RecipeMeTests */,
				2243D47A1D3C125900F1A39C /* RecipeMeUITests */,
			);
		};
/* End PBXProject section */

/* Begin PBXResourcesBuildPhase section */
		2243D45A1D3C125800F1A39C /* Resources */ = {
			isa = PBXResourcesBuildPhase;
			buildActionMask = 2147483647;
			files = (
				2243D46A1D3C125800F1A39C /* LaunchScreen.storyboard in Resources */,
				2243D4941D3C179500F1A39C /* Registration.storyboard in Resources */,
				2243D4671D3C125800F1A39C /* Assets.xcassets in Resources */,
			);
			runOnlyForDeploymentPostprocessing = 0;
		};
		2243D46E1D3C125900F1A39C /* Resources */ = {
			isa = PBXResourcesBuildPhase;
			buildActionMask = 2147483647;
			files = (
			);
			runOnlyForDeploymentPostprocessing = 0;
		};
		2243D4791D3C125900F1A39C /* Resources */ = {
			isa = PBXResourcesBuildPhase;
			buildActionMask = 2147483647;
			files = (
			);
			runOnlyForDeploymentPostprocessing = 0;
		};
/* End PBXResourcesBuildPhase section */

/* Begin PBXSourcesBuildPhase section */
		2243D4581D3C125800F1A39C /* Sources */ = {
			isa = PBXSourcesBuildPhase;
			buildActionMask = 2147483647;
			files = (
				2243D4971D3C17EE00F1A39C /* RegistrationViewController.swift in Sources */,
				2243D4621D3C125800F1A39C /* ViewController.swift in Sources */,
				2243D4601D3C125800F1A39C /* AppDelegate.swift in Sources */,
			);
			runOnlyForDeploymentPostprocessing = 0;
		};
		2243D46C1D3C125900F1A39C /* Sources */ = {
			isa = PBXSourcesBuildPhase;
			buildActionMask = 2147483647;
			files = (
				2243D4751D3C125900F1A39C /* RecipeMeTests.swift in Sources */,
			);
			runOnlyForDeploymentPostprocessing = 0;
		};
		2243D4771D3C125900F1A39C /* Sources */ = {
			isa = PBXSourcesBuildPhase;
			buildActionMask = 2147483647;
			files = (
				2243D4801D3C125900F1A39C /* RecipeMeUITests.swift in Sources */,
			);
			runOnlyForDeploymentPostprocessing = 0;
		};
/* End PBXSourcesBuildPhase section */

/* Begin PBXTargetDependency section */
		2243D4721D3C125900F1A39C /* PBXTargetDependency */ = {
			isa = PBXTargetDependency;
			target = 2243D45B1D3C125800F1A39C /* RecipeMe */;
			targetProxy = 2243D4711D3C125900F1A39C /* PBXContainerItemProxy */;
		};
		2243D47D1D3C125900F1A39C /* PBXTargetDependency */ = {
			isa = PBXTargetDependency;
			target = 2243D45B1D3C125800F1A39C /* RecipeMe */;
			targetProxy = 2243D47C1D3C125900F1A39C /* PBXContainerItemProxy */;
		};
/* End PBXTargetDependency section */

/* Begin PBXVariantGroup section */
		2243D4681D3C125800F1A39C /* LaunchScreen.storyboard */ = {
			isa = PBXVariantGroup;
			children = (
				2243D4691D3C125800F1A39C /* Base */,
			);
			name = LaunchScreen.storyboard;
			sourceTree = "<group>";
		};
/* End PBXVariantGroup section */

/* Begin XCBuildConfiguration section */
		2243D4821D3C125900F1A39C /* Debug */ = {
			isa = XCBuildConfiguration;
			buildSettings = {
				ALWAYS_SEARCH_USER_PATHS = NO;
				CLANG_ANALYZER_NONNULL = YES;
				CLANG_CXX_LANGUAGE_STANDARD = "gnu++0x";
				CLANG_CXX_LIBRARY = "libc++";
				CLANG_ENABLE_MODULES = YES;
				CLANG_ENABLE_OBJC_ARC = YES;
				CLANG_WARN_BOOL_CONVERSION = YES;
				CLANG_WARN_CONSTANT_CONVERSION = YES;
				CLANG_WARN_DIRECT_OBJC_ISA_USAGE = YES_ERROR;
				CLANG_WARN_EMPTY_BODY = YES;
				CLANG_WARN_ENUM_CONVERSION = YES;
				CLANG_WARN_INT_CONVERSION = YES;
				CLANG_WARN_OBJC_ROOT_CLASS = YES_ERROR;
				CLANG_WARN_UNREACHABLE_CODE = YES;
				CLANG_WARN__DUPLICATE_METHOD_MATCH = YES;
				"CODE_SIGN_IDENTITY[sdk=iphoneos*]" = "iPhone Developer";
				COPY_PHASE_STRIP = NO;
				DEBUG_INFORMATION_FORMAT = dwarf;
				ENABLE_STRICT_OBJC_MSGSEND = YES;
				ENABLE_TESTABILITY = YES;
				GCC_C_LANGUAGE_STANDARD = gnu99;
				GCC_DYNAMIC_NO_PIC = NO;
				GCC_NO_COMMON_BLOCKS = YES;
				GCC_OPTIMIZATION_LEVEL = 0;
				GCC_PREPROCESSOR_DEFINITIONS = (
					"DEBUG=1",
					"$(inherited)",
				);
				GCC_WARN_64_TO_32_BIT_CONVERSION = YES;
				GCC_WARN_ABOUT_RETURN_TYPE = YES_ERROR;
				GCC_WARN_UNDECLARED_SELECTOR = YES;
				GCC_WARN_UNINITIALIZED_AUTOS = YES_AGGRESSIVE;
				GCC_WARN_UNUSED_FUNCTION = YES;
				GCC_WARN_UNUSED_VARIABLE = YES;
				IPHONEOS_DEPLOYMENT_TARGET = 9.3;
				MTL_ENABLE_DEBUG_INFO = YES;
				ONLY_ACTIVE_ARCH = YES;
				SDKROOT = iphoneos;
				SWIFT_OPTIMIZATION_LEVEL = "-Onone";
				TARGETED_DEVICE_FAMILY = "1,2";
			};
			name = Debug;
		};
		2243D4831D3C125900F1A39C /* Release */ = {
			isa = XCBuildConfiguration;
			buildSettings = {
				ALWAYS_SEARCH_USER_PATHS = NO;
				CLANG_ANALYZER_NONNULL = YES;
				CLANG_CXX_LANGUAGE_STANDARD = "gnu++0x";
				CLANG_CXX_LIBRARY = "libc++";
				CLANG_ENABLE_MODULES = YES;
				CLANG_ENABLE_OBJC_ARC = YES;
				CLANG_WARN_BOOL_CONVERSION = YES;
				CLANG_WARN_CONSTANT_CONVERSION = YES;
				CLANG_WARN_DIRECT_OBJC_ISA_USAGE = YES_ERROR;
				CLANG_WARN_EMPTY_BODY = YES;
				CLANG_WARN_ENUM_CONVERSION = YES;
				CLANG_WARN_INT_CONVERSION = YES;
				CLANG_WARN_OBJC_ROOT_CLASS = YES_ERROR;
				CLANG_WARN_UNREACHABLE_CODE = YES;
				CLANG_WARN__DUPLICATE_METHOD_MATCH = YES;
				"CODE_SIGN_IDENTITY[sdk=iphoneos*]" = "iPhone Developer";
				COPY_PHASE_STRIP = NO;
				DEBUG_INFORMATION_FORMAT = "dwarf-with-dsym";
				ENABLE_NS_ASSERTIONS = NO;
				ENABLE_STRICT_OBJC_MSGSEND = YES;
				GCC_C_LANGUAGE_STANDARD = gnu99;
				GCC_NO_COMMON_BLOCKS = YES;
				GCC_WARN_64_TO_32_BIT_CONVERSION = YES;
				GCC_WARN_ABOUT_RETURN_TYPE = YES_ERROR;
				GCC_WARN_UNDECLARED_SELECTOR = YES;
				GCC_WARN_UNINITIALIZED_AUTOS = YES_AGGRESSIVE;
				GCC_WARN_UNUSED_FUNCTION = YES;
				GCC_WARN_UNUSED_VARIABLE = YES;
				IPHONEOS_DEPLOYMENT_TARGET = 9.3;
				MTL_ENABLE_DEBUG_INFO = NO;
				SDKROOT = iphoneos;
				TARGETED_DEVICE_FAMILY = "1,2";
				VALIDATE_PRODUCT = YES;
			};
			name = Release;
		};
		2243D4851D3C125900F1A39C /* Debug */ = {
			isa = XCBuildConfiguration;
			buildSettings = {
				ASSETCATALOG_COMPILER_APPICON_NAME = AppIcon;
				INFOPLIST_FILE = RecipeMe/Info.plist;
				LD_RUNPATH_SEARCH_PATHS = "$(inherited) @executable_path/Frameworks";
				PRODUCT_BUNDLE_IDENTIFIER = com.kmkd.RecipeMe;
				PRODUCT_NAME = "$(TARGET_NAME)";
			};
			name = Debug;
		};
		2243D4861D3C125900F1A39C /* Release */ = {
			isa = XCBuildConfiguration;
			buildSettings = {
				ASSETCATALOG_COMPILER_APPICON_NAME = AppIcon;
				INFOPLIST_FILE = RecipeMe/Info.plist;
				LD_RUNPATH_SEARCH_PATHS = "$(inherited) @executable_path/Frameworks";
				PRODUCT_BUNDLE_IDENTIFIER = com.kmkd.RecipeMe;
				PRODUCT_NAME = "$(TARGET_NAME)";
			};
			name = Release;
		};
		2243D4881D3C125900F1A39C /* Debug */ = {
			isa = XCBuildConfiguration;
			buildSettings = {
				BUNDLE_LOADER = "$(TEST_HOST)";
				INFOPLIST_FILE = RecipeMeTests/Info.plist;
				LD_RUNPATH_SEARCH_PATHS = "$(inherited) @executable_path/Frameworks @loader_path/Frameworks";
				PRODUCT_BUNDLE_IDENTIFIER = com.kmkd.RecipeMeTests;
				PRODUCT_NAME = "$(TARGET_NAME)";
				TEST_HOST = "$(BUILT_PRODUCTS_DIR)/RecipeMe.app/RecipeMe";
			};
			name = Debug;
		};
		2243D4891D3C125900F1A39C /* Release */ = {
			isa = XCBuildConfiguration;
			buildSettings = {
				BUNDLE_LOADER = "$(TEST_HOST)";
				INFOPLIST_FILE = RecipeMeTests/Info.plist;
				LD_RUNPATH_SEARCH_PATHS = "$(inherited) @executable_path/Frameworks @loader_path/Frameworks";
				PRODUCT_BUNDLE_IDENTIFIER = com.kmkd.RecipeMeTests;
				PRODUCT_NAME = "$(TARGET_NAME)";
				TEST_HOST = "$(BUILT_PRODUCTS_DIR)/RecipeMe.app/RecipeMe";
			};
			name = Release;
		};
		2243D48B1D3C125900F1A39C /* Debug */ = {
			isa = XCBuildConfiguration;
			buildSettings = {
				INFOPLIST_FILE = RecipeMeUITests/Info.plist;
				LD_RUNPATH_SEARCH_PATHS = "$(inherited) @executable_path/Frameworks @loader_path/Frameworks";
				PRODUCT_BUNDLE_IDENTIFIER = com.kmkd.RecipeMeUITests;
				PRODUCT_NAME = "$(TARGET_NAME)";
				TEST_TARGET_NAME = RecipeMe;
			};
			name = Debug;
		};
		2243D48C1D3C125900F1A39C /* Release */ = {
			isa = XCBuildConfiguration;
			buildSettings = {
				INFOPLIST_FILE = RecipeMeUITests/Info.plist;
				LD_RUNPATH_SEARCH_PATHS = "$(inherited) @executable_path/Frameworks @loader_path/Frameworks";
				PRODUCT_BUNDLE_IDENTIFIER = com.kmkd.RecipeMeUITests;
				PRODUCT_NAME = "$(TARGET_NAME)";
				TEST_TARGET_NAME = RecipeMe;
			};
			name = Release;
		};
/* End XCBuildConfiguration section */

/* Begin XCConfigurationList section */
		2243D4571D3C125800F1A39C /* Build configuration list for PBXProject "RecipeMe" */ = {
			isa = XCConfigurationList;
			buildConfigurations = (
				2243D4821D3C125900F1A39C /* Debug */,
				2243D4831D3C125900F1A39C /* Release */,
			);
			defaultConfigurationIsVisible = 0;
			defaultConfigurationName = Release;
		};
		2243D4841D3C125900F1A39C /* Build configuration list for PBXNativeTarget "RecipeMe" */ = {
			isa = XCConfigurationList;
			buildConfigurations = (
				2243D4851D3C125900F1A39C /* Debug */,
				2243D4861D3C125900F1A39C /* Release */,
			);
			defaultConfigurationIsVisible = 0;
		};
		2243D4871D3C125900F1A39C /* Build configuration list for PBXNativeTarget "RecipeMeTests" */ = {
			isa = XCConfigurationList;
			buildConfigurations = (
				2243D4881D3C125900F1A39C /* Debug */,
				2243D4891D3C125900F1A39C /* Release */,
			);
			defaultConfigurationIsVisible = 0;
		};
		2243D48A1D3C125900F1A39C /* Build configuration list for PBXNativeTarget "RecipeMeUITests" */ = {
			isa = XCConfigurationList;
			buildConfigurations = (
				2243D48B1D3C125900F1A39C /* Debug */,
				2243D48C1D3C125900F1A39C /* Release */,
			);
			defaultConfigurationIsVisible = 0;
		};
/* End XCConfigurationList section */
	};
	rootObject = 2243D4541D3C125800F1A39C /* Project object */;
}
